<?xml version="1.0" encoding="utf-8"?>
<Project ToolsVersion="4.0" xmlns="http://schemas.microsoft.com/developer/msbuild/2003">
  <ItemGroup>
    <Filter Include="Source Files">
      <UniqueIdentifier>{4FC737F1-C7A5-4376-A066-2A32D752A2FF}</UniqueIdentifier>
      <Extensions>cpp;c;cc;cxx;def;odl;idl;hpj;bat;asm;asmx</Extensions>
    </Filter>
    <Filter Include="Header Files">
      <UniqueIdentifier>{93995380-89BD-4b04-88EB-625FBE52EBFB}</UniqueIdentifier>
      <Extensions>h;hh;hpp;hxx;hm;inl;inc;xsd</Extensions>
    </Filter>
    <Filter Include="Resource Files">
      <UniqueIdentifier>{67DA6AB6-F800-4c08-8B7A-83BB121AAD01}</UniqueIdentifier>
      <Extensions>rc;ico;cur;bmp;dlg;rc2;rct;bin;rgs;gif;jpg;jpeg;jpe;resx;tiff;tif;png;wav;mfcribbon-ms</Extensions>
    </Filter>
  </ItemGroup>
  <ItemGroup>
    <Text Include="ReadMe.txt" />
  </ItemGroup>
  <ItemGroup>
    <ClInclude Include="stdafx.h">
      <Filter>Header Files</Filter>
    </ClInclude>
    <ClInclude Include="targetver.h">
      <Filter>Header Files</Filter>
    </ClInclude>
    <ClInclude Include="CreatureObject.h">
      <Filter>Header Files</Filter>
    </ClInclude>
    <ClInclude Include="TangibleObject.h">
      <Filter>Header Files</Filter>
    </ClInclude>
    <ClInclude Include="IntangibleObject.h">
      <Filter>Header Files</Filter>
    </ClInclude>
    <ClInclude Include="ClientObject.h">
      <Filter>Header Files</Filter>
    </ClInclude>
    <ClInclude Include="PlayerObject.h">
      <Filter>Header Files</Filter>
    </ClInclude>
    <ClInclude Include="CachedNetworkId.h">
      <Filter>Header Files</Filter>
    </ClInclude>
    <ClInclude Include="Object.h">
      <Filter>Header Files</Filter>
    </ClInclude>
    <ClInclude Include="soewrappers.h">
      <Filter>Header Files</Filter>
    </ClInclude>
    <ClInclude Include="ClientCommandQueue.h">
      <Filter>Header Files</Filter>
    </ClInclude>
    <ClInclude Include="ClientProceduralTerrainAppearance.h">
      <Filter>Header Files</Filter>
    </ClInclude>
    <ClInclude Include="ConfigClientTerrain.h">
      <Filter>Header Files</Filter>
    </ClInclude>
    <ClInclude Include="CuiChatParser.h">
      <Filter>Header Files</Filter>
    </ClInclude>
    <ClInclude Include="CuiMediatorFactory.h">
      <Filter>Header Files</Filter>
    </ClInclude>
    <ClInclude Include="FreeChaseCamera.h">
      <Filter>Header Files</Filter>
    </ClInclude>
    <ClInclude Include="Game.h">
      <Filter>Header Files</Filter>
    </ClInclude>
    <ClInclude Include="GameLanguageManager.h">
      <Filter>Header Files</Filter>
    </ClInclude>
    <ClInclude Include="GroundScene.h">
      <Filter>Header Files</Filter>
    </ClInclude>
    <ClInclude Include="NetworkId.h">
      <Filter>Header Files</Filter>
    </ClInclude>
    <ClInclude Include="SwgCuiLoginScreen.h">
      <Filter>Header Files</Filter>
    </ClInclude>
    <ClInclude Include="TerrainObject.h">
      <Filter>Header Files</Filter>
    </ClInclude>
    <ClInclude Include="SwgCuiChatWindow.h">
      <Filter>Header Files</Filter>
    </ClInclude>
    <ClInclude Include="SwgCuiCommandParserDefault.h">
      <Filter>Header Files</Filter>
    </ClInclude>
    <ClInclude Include="Controller.h">
      <Filter>Header Files</Filter>
    </ClInclude>
    <ClInclude Include="MessageQueue.h">
      <Filter>Header Files</Filter>
    </ClInclude>
    <ClInclude Include="Graphics.h">
      <Filter>Header Files</Filter>
    </ClInclude>
    <ClInclude Include="CellProperty.h">
      <Filter>Header Files</Filter>
    </ClInclude>
    <ClInclude Include="CollisionWorld.h">
      <Filter>Header Files</Filter>
    </ClInclude>
    <ClInclude Include="Transform.h">
      <Filter>Header Files</Filter>
    </ClInclude>
    <ClInclude Include="RemoteCreatureController.h">
      <Filter>Header Files</Filter>
    </ClInclude>
    <ClInclude Include="Vector.h">
      <Filter>Header Files</Filter>
    </ClInclude>
    <ClInclude Include="AutoDeltaVariable.h">
      <Filter>Header Files</Filter>
    </ClInclude>
    <ClInclude Include="InputMap.h">
      <Filter>Header Files</Filter>
    </ClInclude>
    <ClInclude Include="Misc.h">
      <Filter>Header Files</Filter>
    </ClInclude>
    <ClInclude Include="ObjectAttributeManager.h">
      <Filter>Header Files</Filter>
    </ClInclude>
    <ClInclude Include="UIBaseObject.h">
      <Filter>Header Files</Filter>
    </ClInclude>
    <ClInclude Include="UIManager.h">
      <Filter>Header Files</Filter>
    </ClInclude>
    <ClInclude Include="UIPage.h">
      <Filter>Header Files</Filter>
    </ClInclude>
    <ClInclude Include="CuiMediator.h">
      <Filter>Header Files</Filter>
    </ClInclude>
    <ClInclude Include="SwgCuiConsole.h">
      <Filter>Header Files</Filter>
    </ClInclude>
    <ClInclude Include="SwgCuiMediatorFactorySetup.h">
      <Filter>Header Files</Filter>
    </ClInclude>
    <ClInclude Include="UIText.h">
      <Filter>Header Files</Filter>
    </ClInclude>
    <ClInclude Include="UIWidget.h">
      <Filter>Header Files</Filter>
    </ClInclude>
    <ClInclude Include="UITextbox.h">
      <Filter>Header Files</Filter>
    </ClInclude>
    <ClInclude Include="CommandParserHistory.h">
      <Filter>Header Files</Filter>
    </ClInclude>
    <ClInclude Include="CuiConsoleHelperParserStrategy.h">
      <Filter>Header Files</Filter>
    </ClInclude>
    <ClInclude Include="CuiChatParserStrategy.h">
      <Filter>Header Files</Filter>
    </ClInclude>
    <ClInclude Include="CommandParser.h">
      <Filter>Header Files</Filter>
    </ClInclude>
    <ClInclude Include="UIEventCallback.h">
      <Filter>Header Files</Filter>
    </ClInclude>
    <ClInclude Include="CuiConsoleHelper.h">
      <Filter>Header Files</Filter>
    </ClInclude>
    <ClInclude Include="MessageDispatch.h">
      <Filter>Header Files</Filter>
    </ClInclude>
    <ClInclude Include="CuiWidget3dObjectListViewer.h">
      <Filter>Header Files</Filter>
    </ClInclude>
    <ClInclude Include="EmuCommandParser.h">
      <Filter>Header Files</Filter>
    </ClInclude>
  </ItemGroup>
  <ItemGroup>
    <ClCompile Include="stdafx.cpp">
      <Filter>Source Files</Filter>
    </ClCompile>
    <ClCompile Include="SWGCommandExtension.cpp">
      <Filter>Source Files</Filter>
    </ClCompile>
    <ClCompile Include="dllmain.cpp">
      <Filter>Source Files</Filter>
    </ClCompile>
    <ClCompile Include="Object.cpp">
      <Filter>Source Files</Filter>
    </ClCompile>
    <ClCompile Include="soewrappers.cpp">
      <Filter>Source Files</Filter>
    </ClCompile>
    <ClCompile Include="ClientProceduralTerrainAppearance.cpp">
      <Filter>Source Files</Filter>
    </ClCompile>
    <ClCompile Include="CuiChatParser.cpp">
      <Filter>Source Files</Filter>
    </ClCompile>
    <ClCompile Include="Game.cpp">
      <Filter>Source Files</Filter>
    </ClCompile>
    <ClCompile Include="SwgCuiLoginScreen.cpp">
      <Filter>Source Files</Filter>
    </ClCompile>
    <ClCompile Include="TerrainObject.cpp">
      <Filter>Source Files</Filter>
    </ClCompile>
    <ClCompile Include="GroundScene.cpp">
      <Filter>Source Files</Filter>
    </ClCompile>
    <ClCompile Include="CellProperty.cpp">
      <Filter>Source Files</Filter>
    </ClCompile>
    <ClCompile Include="SwgCuiMediatorFactorySetup.cpp">
      <Filter>Source Files</Filter>
    </ClCompile>
    <ClCompile Include="SwgCuiConsole.cpp">
      <Filter>Source Files</Filter>
    </ClCompile>
    <ClCompile Include="CommandParser.cpp">
      <Filter>Source Files</Filter>
    </ClCompile>
    <ClCompile Include="EmuCommandParser.cpp">
      <Filter>Source Files</Filter>
    </ClCompile>
  </ItemGroup>
</Project>